
Microsoft Visual Studio Solution File, Format Version 12.00
# Visual Studio Version 16
VisualStudioVersion = 16.0.29926.136
MinimumVisualStudioVersion = 10.0.40219.1
Project("{FAE04EC0-301F-11D3-BF4B-00C04F79EFBC}") = "SheduleTrain", "SheduleTrain\SheduleTrain.csproj", "{1E2C8094-CBFC-49A0-8411-F38AE0B1915B}"
EndProject
Global
	GlobalSection(SolutionConfigurationPlatforms) = preSolution
		Debug|Any CPU = Debug|Any CPU
		Release|Any CPU = Release|Any CPU
	EndGlobalSection
	GlobalSection(ProjectConfigurationPlatforms) = postSolution
		{1E2C8094-CBFC-49A0-8411-F38AE0B1915B}.Debug|Any CPU.ActiveCfg = Debug|Any CPU
		{1E2C8094-CBFC-49A0-8411-F38AE0B1915B}.Debug|Any CPU.Build.0 = Debug|Any CPU
		{1E2C8094-CBFC-49A0-8411-F38AE0B1915B}.Release|Any CPU.ActiveCfg = Release|Any CPU
		{1E2C8094-CBFC-49A0-8411-F38AE0B1915B}.Release|Any CPU.Build.0 = Release|Any CPU
	EndGlobalSection
	GlobalSection(SolutionProperties) = preSolution
		HideSolutionNode = FALSE
	EndGlobalSection
	GlobalSection(ExtensibilityGlobals) = postSolution
		SolutionGuid = {F5B01545-BB23-4C08-9F5E-B50CE9AC0D03}
	EndGlobalSection
EndGlobal
